
Microsoft Visual Studio Solution File, Format Version 12.00
# Visual Studio 15
VisualStudioVersion = 15.0.27703.2018
MinimumVisualStudioVersion = 10.0.40219.1
Project("{FAE04EC0-301F-11D3-BF4B-00C04F79EFBC}") = "Teste", "Teste\Teste.csproj", "{459CFBA2-D237-42D5-91E8-176F3C39D004}"
EndProject
Global
	GlobalSection(SolutionConfigurationPlatforms) = preSolution
		Debug|Any CPU = Debug|Any CPU
		Release|Any CPU = Release|Any CPU
	EndGlobalSection
	GlobalSection(ProjectConfigurationPlatforms) = postSolution
		{459CFBA2-D237-42D5-91E8-176F3C39D004}.Debug|Any CPU.ActiveCfg = Debug|Any CPU
		{459CFBA2-D237-42D5-91E8-176F3C39D004}.Debug|Any CPU.Build.0 = Debug|Any CPU
		{459CFBA2-D237-42D5-91E8-176F3C39D004}.Release|Any CPU.ActiveCfg = Release|Any CPU
		{459CFBA2-D237-42D5-91E8-176F3C39D004}.Release|Any CPU.Build.0 = Release|Any CPU
	EndGlobalSection
	GlobalSection(SolutionProperties) = preSolution
		HideSolutionNode = FALSE
	EndGlobalSection
	GlobalSection(ExtensibilityGlobals) = postSolution
		SolutionGuid = {46F31CD9-2597-4EE9-B354-FF93542D9A92}
	EndGlobalSection
EndGlobal
